
Microsoft Visual Studio Solution File, Format Version 12.00
Project("{2150E333-8FDC-42A3-9474-1A3956D46DE8}") = "Common", "Common", "{A72734B1-0E20-4254-89F1-84067729F989}"
EndProject
Project("{2150E333-8FDC-42A3-9474-1A3956D46DE8}") = "Application", "Application", "{C4CEA3A2-C79C-475D-B009-B0E95290604E}"
EndProject
Project("{FAE04EC0-301F-11D3-BF4B-00C04F79EFBC}") = "Pokegraf.Application.Contract", "Pokegraf.Application.Contract\Pokegraf.Application.Contract.csproj", "{3260DA7C-7C76-4FFE-8156-B2C8BF16487C}"
EndProject
Project("{FAE04EC0-301F-11D3-BF4B-00C04F79EFBC}") = "Pokegraf.Application.Implementation", "Pokegraf.Application.Implementation\Pokegraf.Application.Implementation.csproj", "{4D9A34B9-EDBE-4FBC-8838-829C694C1E02}"
EndProject
Project("{FAE04EC0-301F-11D3-BF4B-00C04F79EFBC}") = "Pokegraf.Common", "Pokegraf.Common\Pokegraf.Common.csproj", "{E85CA71D-BEB0-4918-966C-06B168612983}"
EndProject
Project("{2150E333-8FDC-42A3-9474-1A3956D46DE8}") = "Infrastructure", "Infrastructure", "{81DEBEDF-B83B-458E-B949-4587FCD42F5A}"
EndProject
Project("{FAE04EC0-301F-11D3-BF4B-00C04F79EFBC}") = "Pokegraf.Infrastructure.Contract", "Pokegraf.Infrastructure.Contract\Pokegraf.Infrastructure.Contract.csproj", "{901CD909-1A2D-45FF-BD61-DF3F69A997C2}"
EndProject
Project("{FAE04EC0-301F-11D3-BF4B-00C04F79EFBC}") = "Pokegraf.Infrastructure.Implementation", "Pokegraf.Infrastructure.Implementation\Pokegraf.Infrastructure.Implementation.csproj", "{1B4C637B-DBE6-4FB2-9C5E-B862A1CDC18E}"
EndProject
Project("{2150E333-8FDC-42A3-9474-1A3956D46DE8}") = "Domain", "Domain", "{2E41481E-208F-4381-9C17-3E3C9C3F2814}"
EndProject
Project("{FAE04EC0-301F-11D3-BF4B-00C04F79EFBC}") = "Pokegraf.Domain.Entity", "Pokegraf.Domain.Entity\Pokegraf.Domain.Entity.csproj", "{27F926E9-27EF-446E-94F6-D4ED868392C5}"
EndProject
Project("{2150E333-8FDC-42A3-9474-1A3956D46DE8}") = "Persistence", "Persistence", "{AA0ACE47-7556-44E7-814D-4EB00518B6DB}"
EndProject
Project("{FAE04EC0-301F-11D3-BF4B-00C04F79EFBC}") = "Pokegraf.Persistence.Implementation", "Pokegraf.Persistence.Implementation\Pokegraf.Persistence.Implementation.csproj", "{A6BCB8B7-DD4D-49AF-8850-F6542FD2B490}"
EndProject
Project("{FAE04EC0-301F-11D3-BF4B-00C04F79EFBC}") = "Pokegraf.Domain", "Pokegraf.Domain\Pokegraf.Domain.csproj", "{6ECE5B68-0336-499C-BF8C-C6FC870BB826}"
EndProject
Project("{FAE04EC0-301F-11D3-BF4B-00C04F79EFBC}") = "Pokegraf.Bot.Api", "Pokegraf.Bot.Api\Pokegraf.Bot.Api.csproj", "{CDBAFAB6-407E-435F-8EFD-5DB58064B720}"
EndProject
Project("{2150E333-8FDC-42A3-9474-1A3956D46DE8}") = "Bot", "Bot", "{923EA4E4-4549-45A4-9B51-7E21E53EE13F}"
EndProject
Global
	GlobalSection(SolutionConfigurationPlatforms) = preSolution
		Debug|Any CPU = Debug|Any CPU
		Release|Any CPU = Release|Any CPU
	EndGlobalSection
	GlobalSection(NestedProjects) = preSolution
		{3260DA7C-7C76-4FFE-8156-B2C8BF16487C} = {C4CEA3A2-C79C-475D-B009-B0E95290604E}
		{4D9A34B9-EDBE-4FBC-8838-829C694C1E02} = {C4CEA3A2-C79C-475D-B009-B0E95290604E}
		{E85CA71D-BEB0-4918-966C-06B168612983} = {A72734B1-0E20-4254-89F1-84067729F989}
		{901CD909-1A2D-45FF-BD61-DF3F69A997C2} = {81DEBEDF-B83B-458E-B949-4587FCD42F5A}
		{1B4C637B-DBE6-4FB2-9C5E-B862A1CDC18E} = {81DEBEDF-B83B-458E-B949-4587FCD42F5A}
		{27F926E9-27EF-446E-94F6-D4ED868392C5} = {2E41481E-208F-4381-9C17-3E3C9C3F2814}
		{A6BCB8B7-DD4D-49AF-8850-F6542FD2B490} = {AA0ACE47-7556-44E7-814D-4EB00518B6DB}
		{6ECE5B68-0336-499C-BF8C-C6FC870BB826} = {2E41481E-208F-4381-9C17-3E3C9C3F2814}
		{CDBAFAB6-407E-435F-8EFD-5DB58064B720} = {923EA4E4-4549-45A4-9B51-7E21E53EE13F}
	EndGlobalSection
	GlobalSection(ProjectConfigurationPlatforms) = postSolution
		{3260DA7C-7C76-4FFE-8156-B2C8BF16487C}.Debug|Any CPU.ActiveCfg = Debug|Any CPU
		{3260DA7C-7C76-4FFE-8156-B2C8BF16487C}.Debug|Any CPU.Build.0 = Debug|Any CPU
		{3260DA7C-7C76-4FFE-8156-B2C8BF16487C}.Release|Any CPU.ActiveCfg = Release|Any CPU
		{3260DA7C-7C76-4FFE-8156-B2C8BF16487C}.Release|Any CPU.Build.0 = Release|Any CPU
		{4D9A34B9-EDBE-4FBC-8838-829C694C1E02}.Debug|Any CPU.ActiveCfg = Debug|Any CPU
		{4D9A34B9-EDBE-4FBC-8838-829C694C1E02}.Debug|Any CPU.Build.0 = Debug|Any CPU
		{4D9A34B9-EDBE-4FBC-8838-829C694C1E02}.Release|Any CPU.ActiveCfg = Release|Any CPU
		{4D9A34B9-EDBE-4FBC-8838-829C694C1E02}.Release|Any CPU.Build.0 = Release|Any CPU
		{E85CA71D-BEB0-4918-966C-06B168612983}.Debug|Any CPU.ActiveCfg = Debug|Any CPU
		{E85CA71D-BEB0-4918-966C-06B168612983}.Debug|Any CPU.Build.0 = Debug|Any CPU
		{E85CA71D-BEB0-4918-966C-06B168612983}.Release|Any CPU.ActiveCfg = Release|Any CPU
		{E85CA71D-BEB0-4918-966C-06B168612983}.Release|Any CPU.Build.0 = Release|Any CPU
		{901CD909-1A2D-45FF-BD61-DF3F69A997C2}.Debug|Any CPU.ActiveCfg = Debug|Any CPU
		{901CD909-1A2D-45FF-BD61-DF3F69A997C2}.Debug|Any CPU.Build.0 = Debug|Any CPU
		{901CD909-1A2D-45FF-BD61-DF3F69A997C2}.Release|Any CPU.ActiveCfg = Release|Any CPU
		{901CD909-1A2D-45FF-BD61-DF3F69A997C2}.Release|Any CPU.Build.0 = Release|Any CPU
		{1B4C637B-DBE6-4FB2-9C5E-B862A1CDC18E}.Debug|Any CPU.ActiveCfg = Debug|Any CPU
		{1B4C637B-DBE6-4FB2-9C5E-B862A1CDC18E}.Debug|Any CPU.Build.0 = Debug|Any CPU
		{1B4C637B-DBE6-4FB2-9C5E-B862A1CDC18E}.Release|Any CPU.ActiveCfg = Release|Any CPU
		{1B4C637B-DBE6-4FB2-9C5E-B862A1CDC18E}.Release|Any CPU.Build.0 = Release|Any CPU
		{27F926E9-27EF-446E-94F6-D4ED868392C5}.Debug|Any CPU.ActiveCfg = Debug|Any CPU
		{27F926E9-27EF-446E-94F6-D4ED868392C5}.Debug|Any CPU.Build.0 = Debug|Any CPU
		{27F926E9-27EF-446E-94F6-D4ED868392C5}.Release|Any CPU.ActiveCfg = Release|Any CPU
		{27F926E9-27EF-446E-94F6-D4ED868392C5}.Release|Any CPU.Build.0 = Release|Any CPU
		{A6BCB8B7-DD4D-49AF-8850-F6542FD2B490}.Debug|Any CPU.ActiveCfg = Debug|Any CPU
		{A6BCB8B7-DD4D-49AF-8850-F6542FD2B490}.Debug|Any CPU.Build.0 = Debug|Any CPU
		{A6BCB8B7-DD4D-49AF-8850-F6542FD2B490}.Release|Any CPU.ActiveCfg = Release|Any CPU
		{A6BCB8B7-DD4D-49AF-8850-F6542FD2B490}.Release|Any CPU.Build.0 = Release|Any CPU
		{6ECE5B68-0336-499C-BF8C-C6FC870BB826}.Debug|Any CPU.ActiveCfg = Debug|Any CPU
		{6ECE5B68-0336-499C-BF8C-C6FC870BB826}.Debug|Any CPU.Build.0 = Debug|Any CPU
		{6ECE5B68-0336-499C-BF8C-C6FC870BB826}.Release|Any CPU.ActiveCfg = Release|Any CPU
		{6ECE5B68-0336-499C-BF8C-C6FC870BB826}.Release|Any CPU.Build.0 = Release|Any CPU
		{CDBAFAB6-407E-435F-8EFD-5DB58064B720}.Debug|Any CPU.ActiveCfg = Debug|Any CPU
		{CDBAFAB6-407E-435F-8EFD-5DB58064B720}.Debug|Any CPU.Build.0 = Debug|Any CPU
		{CDBAFAB6-407E-435F-8EFD-5DB58064B720}.Release|Any CPU.ActiveCfg = Release|Any CPU
		{CDBAFAB6-407E-435F-8EFD-5DB58064B720}.Release|Any CPU.Build.0 = Release|Any CPU
	EndGlobalSection
EndGlobal
